
Microsoft Visual Studio Solution File, Format Version 12.00
# Visual Studio 2017
Project("{FAE04EC0-301F-11D3-BF4B-00C04F79EFBC}") = "Game Of Beelonging", "Game Of Beelonging.csproj", "{4EE1CCD1-0EBB-FD13-7CDA-44432F96F796}"
EndProject
Project("{FAE04EC0-301F-11D3-BF4B-00C04F79EFBC}") = "Game Of Beelonging.Editor", "Game Of Beelonging.Editor.csproj", "{8E8A330D-9DBB-3B8E-5F26-DC48B90BE540}"
EndProject
Global
	GlobalSection(SolutionConfigurationPlatforms) = preSolution
		Debug|Any CPU = Debug|Any CPU
		Release|Any CPU = Release|Any CPU
	EndGlobalSection
	GlobalSection(ProjectConfigurationPlatforms) = postSolution
		{4EE1CCD1-0EBB-FD13-7CDA-44432F96F796}.Debug|Any CPU.ActiveCfg = Debug|Any CPU
		{4EE1CCD1-0EBB-FD13-7CDA-44432F96F796}.Debug|Any CPU.Build.0 = Debug|Any CPU
		{4EE1CCD1-0EBB-FD13-7CDA-44432F96F796}.Release|Any CPU.ActiveCfg = Release|Any CPU
		{4EE1CCD1-0EBB-FD13-7CDA-44432F96F796}.Release|Any CPU.Build.0 = Release|Any CPU
		{8E8A330D-9DBB-3B8E-5F26-DC48B90BE540}.Debug|Any CPU.ActiveCfg = Debug|Any CPU
		{8E8A330D-9DBB-3B8E-5F26-DC48B90BE540}.Debug|Any CPU.Build.0 = Debug|Any CPU
		{8E8A330D-9DBB-3B8E-5F26-DC48B90BE540}.Release|Any CPU.ActiveCfg = Release|Any CPU
		{8E8A330D-9DBB-3B8E-5F26-DC48B90BE540}.Release|Any CPU.Build.0 = Release|Any CPU
	EndGlobalSection
	GlobalSection(SolutionProperties) = preSolution
		HideSolutionNode = FALSE
	EndGlobalSection
EndGlobal
